
Microsoft Visual Studio Solution File, Format Version 12.00
# Visual Studio Version 17
VisualStudioVersion = 17.9.34723.18
MinimumVisualStudioVersion = 10.0.40219.1
Project("{FAE04EC0-301F-11D3-BF4B-00C04F79EFBC}") = "ExportExcelFromJson", "ExportExcelFromJson\ExportExcelFromJson.csproj", "{75DA54CF-C066-46C4-BB5B-D79D56F7A16C}"
EndProject
Global
	GlobalSection(SolutionConfigurationPlatforms) = preSolution
		Debug|Any CPU = Debug|Any CPU
		Release|Any CPU = Release|Any CPU
	EndGlobalSection
	GlobalSection(ProjectConfigurationPlatforms) = postSolution
		{75DA54CF-C066-46C4-BB5B-D79D56F7A16C}.Debug|Any CPU.ActiveCfg = Debug|Any CPU
		{75DA54CF-C066-46C4-BB5B-D79D56F7A16C}.Debug|Any CPU.Build.0 = Debug|Any CPU
		{75DA54CF-C066-46C4-BB5B-D79D56F7A16C}.Release|Any CPU.ActiveCfg = Release|Any CPU
		{75DA54CF-C066-46C4-BB5B-D79D56F7A16C}.Release|Any CPU.Build.0 = Release|Any CPU
	EndGlobalSection
	GlobalSection(SolutionProperties) = preSolution
		HideSolutionNode = FALSE
	EndGlobalSection
	GlobalSection(ExtensibilityGlobals) = postSolution
		SolutionGuid = {FB9F37F9-CC2F-466D-A3DC-4AE03BCDF69C}
	EndGlobalSection
EndGlobal
